
Microsoft Visual Studio Solution File, Format Version 12.00
# Visual Studio Version 17
VisualStudioVersion = 17.5.002.0
MinimumVisualStudioVersion = 10.0.40219.1
Project("{9A19103F-16F7-4668-BE54-9A1E7A4F7556}") = "dotNet-P001", "dotNet-P001.csproj", "{A1963675-67DF-4462-815F-A881D23DD02A}"
EndProject
Global
	GlobalSection(SolutionConfigurationPlatforms) = preSolution
		Debug|Any CPU = Debug|Any CPU
		Release|Any CPU = Release|Any CPU
	EndGlobalSection
	GlobalSection(ProjectConfigurationPlatforms) = postSolution
		{A1963675-67DF-4462-815F-A881D23DD02A}.Debug|Any CPU.ActiveCfg = Debug|Any CPU
		{A1963675-67DF-4462-815F-A881D23DD02A}.Debug|Any CPU.Build.0 = Debug|Any CPU
		{A1963675-67DF-4462-815F-A881D23DD02A}.Release|Any CPU.ActiveCfg = Release|Any CPU
		{A1963675-67DF-4462-815F-A881D23DD02A}.Release|Any CPU.Build.0 = Release|Any CPU
	EndGlobalSection
	GlobalSection(SolutionProperties) = preSolution
		HideSolutionNode = FALSE
	EndGlobalSection
	GlobalSection(ExtensibilityGlobals) = postSolution
		SolutionGuid = {46DABD5C-7ADA-4682-98F2-92E6C7F1ABBB}
	EndGlobalSection
EndGlobal
